
Microsoft Visual Studio Solution File, Format Version 12.00
# Visual Studio 15
VisualStudioVersion = 15.0.28010.2046
MinimumVisualStudioVersion = 10.0.40219.1
Project("{FAE04EC0-301F-11D3-BF4B-00C04F79EFBC}") = "TicTacToe", "TicTacToe\TicTacToe.csproj", "{DA88AA20-1F62-42EA-916A-29A4ABC2D3E1}"
EndProject
Project("{FAE04EC0-301F-11D3-BF4B-00C04F79EFBC}") = "TicTacToeLib", "TicTacToeLib\TicTacToeLib.csproj", "{6ED5C3F8-32B0-464D-BEC0-F3DFC4254A9B}"
EndProject
Project("{FAE04EC0-301F-11D3-BF4B-00C04F79EFBC}") = "TicTacToeTests", "TicTacToeTests\TicTacToeTests.csproj", "{F48FDA2C-0C1E-458C-8688-01BFC9D9DA49}"
EndProject
Project("{54435603-DBB4-11D2-8724-00A0C9A8B90C}") = "TicTacToeSetup", "TicTacToeSetup\TicTacToeSetup.vdproj", "{8458A90E-03F7-4FB6-8AEA-A8B94BD2D1DC}"
EndProject
Global
	GlobalSection(SolutionConfigurationPlatforms) = preSolution
		Debug|Any CPU = Debug|Any CPU
		Release|Any CPU = Release|Any CPU
	EndGlobalSection
	GlobalSection(ProjectConfigurationPlatforms) = postSolution
		{DA88AA20-1F62-42EA-916A-29A4ABC2D3E1}.Debug|Any CPU.ActiveCfg = Debug|Any CPU
		{DA88AA20-1F62-42EA-916A-29A4ABC2D3E1}.Debug|Any CPU.Build.0 = Debug|Any CPU
		{DA88AA20-1F62-42EA-916A-29A4ABC2D3E1}.Release|Any CPU.ActiveCfg = Release|Any CPU
		{DA88AA20-1F62-42EA-916A-29A4ABC2D3E1}.Release|Any CPU.Build.0 = Release|Any CPU
		{6ED5C3F8-32B0-464D-BEC0-F3DFC4254A9B}.Debug|Any CPU.ActiveCfg = Debug|Any CPU
		{6ED5C3F8-32B0-464D-BEC0-F3DFC4254A9B}.Debug|Any CPU.Build.0 = Debug|Any CPU
		{6ED5C3F8-32B0-464D-BEC0-F3DFC4254A9B}.Release|Any CPU.ActiveCfg = Release|Any CPU
		{6ED5C3F8-32B0-464D-BEC0-F3DFC4254A9B}.Release|Any CPU.Build.0 = Release|Any CPU
		{F48FDA2C-0C1E-458C-8688-01BFC9D9DA49}.Debug|Any CPU.ActiveCfg = Debug|Any CPU
		{F48FDA2C-0C1E-458C-8688-01BFC9D9DA49}.Debug|Any CPU.Build.0 = Debug|Any CPU
		{F48FDA2C-0C1E-458C-8688-01BFC9D9DA49}.Release|Any CPU.ActiveCfg = Release|Any CPU
		{F48FDA2C-0C1E-458C-8688-01BFC9D9DA49}.Release|Any CPU.Build.0 = Release|Any CPU
		{8458A90E-03F7-4FB6-8AEA-A8B94BD2D1DC}.Debug|Any CPU.ActiveCfg = Debug
		{8458A90E-03F7-4FB6-8AEA-A8B94BD2D1DC}.Release|Any CPU.ActiveCfg = Release
	EndGlobalSection
	GlobalSection(SolutionProperties) = preSolution
		HideSolutionNode = FALSE
	EndGlobalSection
	GlobalSection(ExtensibilityGlobals) = postSolution
		SolutionGuid = {5811676F-AF50-4A15-98D0-09B3F4A5D79E}
	EndGlobalSection
EndGlobal
