
Microsoft Visual Studio Solution File, Format Version 12.00
# Visual Studio 15
VisualStudioVersion = 15.0.28010.2046
MinimumVisualStudioVersion = 10.0.40219.1
Project("{FAE04EC0-301F-11D3-BF4B-00C04F79EFBC}") = "TicTacToe", "TicTacToe\TicTacToe.csproj", "{DA88AA20-1F62-42EA-916A-29A4ABC2D3E1}"
EndProject
Project("{FAE04EC0-301F-11D3-BF4B-00C04F79EFBC}") = "TicTacToeLib", "TicTacToeLib\TicTacToeLib.csproj", "{3726FE58-F9EE-49EF-A78A-97270285F3BB}"
EndProject
Global
	GlobalSection(SolutionConfigurationPlatforms) = preSolution
		Debug|Any CPU = Debug|Any CPU
		Release|Any CPU = Release|Any CPU
	EndGlobalSection
	GlobalSection(ProjectConfigurationPlatforms) = postSolution
		{DA88AA20-1F62-42EA-916A-29A4ABC2D3E1}.Debug|Any CPU.ActiveCfg = Debug|Any CPU
		{DA88AA20-1F62-42EA-916A-29A4ABC2D3E1}.Debug|Any CPU.Build.0 = Debug|Any CPU
		{DA88AA20-1F62-42EA-916A-29A4ABC2D3E1}.Release|Any CPU.ActiveCfg = Release|Any CPU
		{DA88AA20-1F62-42EA-916A-29A4ABC2D3E1}.Release|Any CPU.Build.0 = Release|Any CPU
		{3726FE58-F9EE-49EF-A78A-97270285F3BB}.Debug|Any CPU.ActiveCfg = Debug|Any CPU
		{3726FE58-F9EE-49EF-A78A-97270285F3BB}.Debug|Any CPU.Build.0 = Debug|Any CPU
		{3726FE58-F9EE-49EF-A78A-97270285F3BB}.Release|Any CPU.ActiveCfg = Release|Any CPU
		{3726FE58-F9EE-49EF-A78A-97270285F3BB}.Release|Any CPU.Build.0 = Release|Any CPU
	EndGlobalSection
	GlobalSection(SolutionProperties) = preSolution
		HideSolutionNode = FALSE
	EndGlobalSection
	GlobalSection(ExtensibilityGlobals) = postSolution
		SolutionGuid = {5811676F-AF50-4A15-98D0-09B3F4A5D79E}
	EndGlobalSection
EndGlobal
